{
  "version": 4,
  "terraform_version": "0.14.8",
  "serial": 37,
  "lineage": "50ceba19-36ec-274a-7703-7fe8f436e418",
  "outputs": {
    "cluster_Security_Group": {
      "value": "sg-06cafd374802d6dc8",
      "type": "string"
    },
    "hsm_cluster_id": {
      "value": "cluster-mim6mx7tuhp",
      "type": "string"
    }
  },
  "resources": [
    {
      "mode": "managed",
      "type": "aws_cloudhsm_v2_cluster",
      "name": "cloudhsm_v2_cluster",
      "provider": "provider[\"registry.terraform.io/hashicorp/aws\"]",
      "instances": [
        {
          "schema_version": 0,
          "attributes": {
            "cluster_certificates": [
              {
                "aws_hardware_certificate": "-----BEGIN CERTIFICATE-----\nMIIDozCCAougAwIBAgIFAK7Km+8wDQYJKoZIhvcNAQELBQAwgYcxCzAJBgNVBAYT\nAlVTMREwDwYDVQQIDAhWaXJnaW5pYTEQMA4GA1UEBwwHSGVybmRvbjEhMB8GA1UE\nCgwYQW1hem9uIFdlYiBTZXJ2aWNlcyBJTkMuMREwDwYDVQQLDAhDbG91ZEhTTTEd\nMBsGA1UEAwwUQVdTIENsb3VkSFNNIFJvb3QgRzEwHhcNMTkxMjAyMTA1MjU4WhcN\nMjkxMTI5MTA1MjU4WjB2MUQwCQYDVQQGEwJVUzAJBgNVBAgMAkNBMA0GA1UECgwG\nQ2F2aXVtMA0GA1UECwwGTjNGSVBTMA4GA1UEBwwHU2FuSm9zZTEuMCwGA1UEAwwl\nSFNNOjUuMkcxOTI3LUlDTTAwMTMzMCwgZm9yIEZJUFMgbW9kZTCCASIwDQYJKoZI\nhvcNAQEBBQADggEPADCCAQoCggEBAMQl9C29xDTPdbnwPaDjAHe3EtFISsLM/qDq\nEduoBuPx1T30UfgeCPrqqUvz/GGbxdlTNmqHcasHXifsK6H2XAqhPJcrSxdPn31G\n20dVgRhwV5HbmR804j6DMFju5z0iKIPArlXGfJzTZsgSknMsLvbjV78RiQhaDY6x\nh5Bn09YGgh9nk8sucE4JI1/+bQ4id5lFDmxxWVxexMfu9fcMS4h8mYXx+yThcM5H\nEvOEyACpcdyE3N6LMQQkhrwNZ+qVc9JTexygz3mLtGKSFQdmRexW8yYknlamiP5L\nGQAF1mJ5SoqlVNH7bGA6k1nO93IBSxCbGKrjRRnNfns9xxEz5PUCAwEAAaMmMCQw\nDgYDVR0PAQH/BAQDAgIEMBIGA1UdEwEB/wQIMAYBAf8CAQAwDQYJKoZIhvcNAQEL\nBQADggEBAGFQfWNksCJ6XOv03ca1FAAkoSu9eY2lq/nNjhOEt5+05ZZolemyVKDU\nedTBKo51vWLXvJeXhWGJ6MXlL66baX9aoq/Y+lFURBBFUlzp6WaY+hCF+WIv/g8H\n546YVIRAyqgpTrznHDs1pjdyLzz5DV0CZZzXx6A8sWsfU2d191luUF3ca7CsnI3E\nfQKrsz+ZT0AQH17G79PsQdzW5bYDDlLzWtvRv96EQVFPGkg/SECJTUJpEh27o6gc\n5ED7mg4EVeQvljLzDw2zgsgxPxdFRCOeUqISIxAlsUvIh4FaNnYgP1m6Gd3sA4Xp\nIAqsL6g/MTviBz34M46DTb2Djkk01sg=\n-----END CERTIFICATE-----\n",
                "cluster_certificate": "",
                "cluster_csr": "-----BEGIN CERTIFICATE REQUEST-----\nMIIC0DCCAbgCAQAwgYoxRDAJBgNVBAYTAlVTMAkGA1UECAwCQ0EwDQYDVQQKDAZD\nYXZpdW0wDQYDVQQLDAZOM0ZJUFMwDgYDVQQHDAdTYW5Kb3NlMUIwQAYDVQQDDDlI\nU006RDk4NUM4Q0Y3ODlEQzY3QTUxOTAwOUQ0QTA0OEVFOlBBUlROOjYsIGZvciBG\nSVBTIG1vZGUwggEiMA0GCSqGSIb3DQEBAQUAA4IBDwAwggEKAoIBAQCsowfAh2wQ\npPARErFSFkshFWJSN4xwBNEFHRrIZXtCxBhlTWcpjB/rtC4RU5sY2yeXv2o4sTDh\n+utUcUtMHmEPgzsyB6zAnLuhrXDcz7fj+/M+cihL7TIMKmdAhzqJWhsL2Nu/olZX\nyoDUQVLqLl82trNjLXo5lmbR1WlVcA82Neom9KaVoipnX44dt0xDbJ/qs6ZlPuXd\n8liC46ljb5ZYSkBaAAluekyQgsZDNv9a0pGb5nxmMJUv3QZMF81rx7J8lNWN4tES\nE2VQUcuA12nw/YrtuDy+YZse5tPX2ImDk28VnzraOeqZyyzAO8yNiluZPFB1pAQ5\n/3eFXp0eUaj5AgMBAAGgADANBgkqhkiG9w0BAQsFAAOCAQEAe9KTkgrT7/vcNCgN\n+QP/tf/FkKhm5caezkpUs5QHan14xeDTGBDey2vr/8a61F4JafMP0HbLRhu48KuO\n1O0YWOCl5eJqVeZ5XjdIzl9TCINzSbt4lP8wA31d1AvcifObu7UlxoQptgYh7TUQ\nciPS2YOzYm24A4tFfKC28SlroeD5er/9C85b3l2WfuJHXVgE3pbNbIPbDD7kd/Lq\n4rhrAtPmUV8zDqDbcULOpmrjQlImsiiOfKPLncY2AT81//hqdZBhBiX4ksr1+6pN\nKLvdQ05clsMqfohfktncVEA/L1PeeIrAQLW3SIpfQjWIyyVJhMRxKKnN7QwvAy7E\nOdfCZA==\n-----END CERTIFICATE REQUEST-----\n",
                "hsm_certificate": "-----BEGIN CERTIFICATE-----\nMIIDejCCAmKgAwIBAgIBBjANBgkqhkiG9w0BAQsFADB2MUQwCQYDVQQGEwJVUzAJ\nBgNVBAgMAkNBMA0GA1UECgwGQ2F2aXVtMA0GA1UECwwGTjNGSVBTMA4GA1UEBwwH\nU2FuSm9zZTEuMCwGA1UEAwwlSFNNOjUuMkcxOTI3LUlDTTAwMTMzMCwgZm9yIEZJ\nUFMgbW9kZTAeFw0yMTA0MTYxMzIxNDFaFw0zMTA0MTQxMzIxNDFaMIGKMUQwCQYD\nVQQGEwJVUzAJBgNVBAgMAkNBMA0GA1UECgwGQ2F2aXVtMA0GA1UECwwGTjNGSVBT\nMA4GA1UEBwwHU2FuSm9zZTFCMEAGA1UEAww5SFNNOkQ5ODVDOENGNzg5REM2N0E1\nMTkwMDlENEEwNDhFRTpQQVJUTjo2LCBmb3IgRklQUyBtb2RlMIIBIjANBgkqhkiG\n9w0BAQEFAAOCAQ8AMIIBCgKCAQEArKMHwIdsEKTwERKxUhZLIRViUjeMcATRBR0a\nyGV7QsQYZU1nKYwf67QuEVObGNsnl79qOLEw4frrVHFLTB5hD4M7MgeswJy7oa1w\n3M+34/vzPnIoS+0yDCpnQIc6iVobC9jbv6JWV8qA1EFS6i5fNrazYy16OZZm0dVp\nVXAPNjXqJvSmlaIqZ1+OHbdMQ2yf6rOmZT7l3fJYguOpY2+WWEpAWgAJbnpMkILG\nQzb/WtKRm+Z8ZjCVL90GTBfNa8eyfJTVjeLREhNlUFHLgNdp8P2K7bg8vmGbHubT\n19iJg5NvFZ862jnqmcsswDvMjYpbmTxQdaQEOf93hV6dHlGo+QIDAQABMA0GCSqG\nSIb3DQEBCwUAA4IBAQBhvG3eg4T1GPZbEixP5xUKwjC6eIYV3gAPIJ6X6UfMV5GV\nJs7kqwOd1AfrCrai/pufb3HrCUkXTFGc0Cr/pfY55yvoKxP1HWZst4FTLRxsPyUk\nwi7hZtVnmPEXoI1wrA32jOQpyaZdyAMq4xiKn224bxNNKqPii6715F4N2iwurcZL\nKs67yiGY45nPkXmE/XN/xi/mrYJkqFjLv2Fz250xkpAGrUKsHlG9wMQERxM/BiwN\nPlgK5XwUK6qF9vXQgG0aDd8bCjP/IAyxGCzrVv2C3Hv93E7BimXwIoO/c/BxXAy6\nB1C4y8U1jm6bZ/NNtfkuteuSUXZMVLaScaJfv6+f\n-----END CERTIFICATE-----\n",
                "manufacturer_hardware_certificate": "-----BEGIN CERTIFICATE-----\nMIIDqTCCApGgAwIBAgIBATANBgkqhkiG9w0BAQsFADCBkTELMAkGA1UEBhMCVVMx\nEzARBgNVBAgMCkNhbGlmb3JuaWExETAPBgNVBAcMCFNhbiBKb3NlMRUwEwYDVQQK\nDAxDYXZpdW0sIEluYy4xFzAVBgNVBAsMDkxpcXVpZFNlY3VyaXR5MSowKAYDVQQD\nDCFsb2NhbGNhLmxpcXVpZHNlY3VyaXR5LmNhdml1bS5jb20wHhcNMTkxMDE4MjEz\nMzQ4WhcNMjkxMDE1MjEzMzQ4WjB2MUQwCQYDVQQGEwJVUzAJBgNVBAgMAkNBMA0G\nA1UECgwGQ2F2aXVtMA0GA1UECwwGTjNGSVBTMA4GA1UEBwwHU2FuSm9zZTEuMCwG\nA1UEAwwlSFNNOjUuMkcxOTI3LUlDTTAwMTMzMCwgZm9yIEZJUFMgbW9kZTCCASIw\nDQYJKoZIhvcNAQEBBQADggEPADCCAQoCggEBAMQl9C29xDTPdbnwPaDjAHe3EtFI\nSsLM/qDqEduoBuPx1T30UfgeCPrqqUvz/GGbxdlTNmqHcasHXifsK6H2XAqhPJcr\nSxdPn31G20dVgRhwV5HbmR804j6DMFju5z0iKIPArlXGfJzTZsgSknMsLvbjV78R\niQhaDY6xh5Bn09YGgh9nk8sucE4JI1/+bQ4id5lFDmxxWVxexMfu9fcMS4h8mYXx\n+yThcM5HEvOEyACpcdyE3N6LMQQkhrwNZ+qVc9JTexygz3mLtGKSFQdmRexW8yYk\nnlamiP5LGQAF1mJ5SoqlVNH7bGA6k1nO93IBSxCbGKrjRRnNfns9xxEz5PUCAwEA\nAaMmMCQwEgYDVR0TAQH/BAgwBgEB/wIBADAOBgNVHQ8BAf8EBAMCAgQwDQYJKoZI\nhvcNAQELBQADggEBAHQELeu66sAOh8skivkbPVAzTxQB0LNjgBVSIKYy+PaJ93Sn\ns34PKfEsqX0HajjlJVkZNVug4ocbE34gaLVQXHN6xvKtu8YrHVrT9NkoeRTdudW3\n4T7cmMupz8m5YbUtf20+N6vKhAttmDiYDUIHH43K/iRp8PS01B9zT1/1g/joTWJ9\nLtIiEHAsHL074Dyf1Hr/+fZs2BoDlbLyQnLmDLnE8MtFpbhc0/9RR0fdopvKvgdC\nxcEqwNmshaTosYhN83exCo6zuo5M+xAtAVap4+zkm1x09EIREoaMKhi5Uu8/+ubT\ndAgdYQ5oDiUE+EALxETgWV54Dp76+wtTRZRl0PI=\n-----END CERTIFICATE-----\n"
              }
            ],
            "cluster_id": "cluster-mim6mx7tuhp",
            "cluster_state": "UNINITIALIZED",
            "hsm_type": "hsm1.medium",
            "id": "cluster-mim6mx7tuhp",
            "security_group_id": "sg-06cafd374802d6dc8",
            "source_backup_identifier": "",
            "subnet_ids": [
              "subnet-038b86a30c2c4e651"
            ],
            "tags": {
              "Name": "user_system_vpc"
            },
            "timeouts": null,
            "vpc_id": "vpc-013dda145a8acdf88"
          },
          "sensitive_attributes": [],
          "private": "eyJlMmJmYjczMC1lY2FhLTExZTYtOGY4OC0zNDM2M2JjN2M0YzAiOnsiY3JlYXRlIjo3MjAwMDAwMDAwMDAwLCJkZWxldGUiOjcyMDAwMDAwMDAwMDAsInVwZGF0ZSI6NzIwMDAwMDAwMDAwMH19",
          "dependencies": [
            "aws_subnet.cloudHSM_private_subnet_AZ_1",
            "aws_vpc.user_system_vpc"
          ]
        }
      ]
    },
    {
      "mode": "managed",
      "type": "aws_cloudhsm_v2_hsm",
      "name": "cloudhsm_v2_hsm",
      "provider": "provider[\"registry.terraform.io/hashicorp/aws\"]",
      "instances": [
        {
          "schema_version": 0,
          "attributes": {
            "availability_zone": "us-east-2a",
            "cluster_id": "cluster-mim6mx7tuhp",
            "hsm_eni_id": "eni-04279e5ff4594541c",
            "hsm_id": "hsm-vs7egd6vkcr",
            "hsm_state": "ACTIVE",
            "id": "hsm-vs7egd6vkcr",
            "ip_address": "10.0.1.50",
            "subnet_id": "subnet-038b86a30c2c4e651",
            "timeouts": null
          },
          "sensitive_attributes": [],
          "private": "eyJlMmJmYjczMC1lY2FhLTExZTYtOGY4OC0zNDM2M2JjN2M0YzAiOnsiY3JlYXRlIjo3MjAwMDAwMDAwMDAwLCJkZWxldGUiOjcyMDAwMDAwMDAwMDAsInVwZGF0ZSI6NzIwMDAwMDAwMDAwMH19",
          "dependencies": [
            "aws_cloudhsm_v2_cluster.cloudhsm_v2_cluster",
            "aws_subnet.cloudHSM_private_subnet_AZ_1",
            "aws_vpc.user_system_vpc"
          ]
        }
      ]
    },
    {
      "mode": "managed",
      "type": "aws_instance",
      "name": "Signing_Server",
      "provider": "provider[\"registry.terraform.io/hashicorp/aws\"]",
      "instances": [
        {
          "schema_version": 1,
          "attributes": {
            "ami": "ami-01e7ca2ef94a0ae86",
            "arn": "arn:aws:ec2:us-east-2:642605215670:instance/i-0f0032c72bc4ccab2",
            "associate_public_ip_address": false,
            "availability_zone": "us-east-2a",
            "cpu_core_count": 1,
            "cpu_threads_per_core": 1,
            "credit_specification": [
              {
                "cpu_credits": "standard"
              }
            ],
            "disable_api_termination": false,
            "ebs_block_device": [],
            "ebs_optimized": false,
            "ephemeral_block_device": [],
            "get_password_data": false,
            "hibernation": false,
            "host_id": null,
            "iam_instance_profile": "",
            "id": "i-0f0032c72bc4ccab2",
            "instance_initiated_shutdown_behavior": null,
            "instance_state": "running",
            "instance_type": "t2.micro",
            "ipv6_address_count": 0,
            "ipv6_addresses": [],
            "key_name": "vault-key",
            "metadata_options": [
              {
                "http_endpoint": "enabled",
                "http_put_response_hop_limit": 1,
                "http_tokens": "optional"
              }
            ],
            "monitoring": false,
            "network_interface": [],
            "network_interface_id": null,
            "outpost_arn": "",
            "password_data": "",
            "placement_group": "",
            "primary_network_interface_id": "eni-0350736264e6f331e",
            "private_dns": "ip-10-0-1-152.us-east-2.compute.internal",
            "private_ip": "10.0.1.152",
            "public_dns": "",
            "public_ip": "",
            "root_block_device": [
              {
                "delete_on_termination": true,
                "device_name": "/dev/sda1",
                "encrypted": false,
                "iops": 100,
                "kms_key_id": "",
                "volume_id": "vol-0bb149884087ae466",
                "volume_size": 8,
                "volume_type": "gp2"
              }
            ],
            "security_groups": [],
            "source_dest_check": true,
            "subnet_id": "subnet-038b86a30c2c4e651",
            "tags": {
              "Name": "Signing_Server"
            },
            "tenancy": "default",
            "timeouts": null,
            "user_data": null,
            "user_data_base64": null,
            "volume_tags": {},
            "vpc_security_group_ids": [
              "sg-06cafd374802d6dc8"
            ]
          },
          "sensitive_attributes": [],
          "private": "eyJlMmJmYjczMC1lY2FhLTExZTYtOGY4OC0zNDM2M2JjN2M0YzAiOnsiY3JlYXRlIjo2MDAwMDAwMDAwMDAsImRlbGV0ZSI6MTIwMDAwMDAwMDAwMCwidXBkYXRlIjo2MDAwMDAwMDAwMDB9LCJzY2hlbWFfdmVyc2lvbiI6IjEifQ==",
          "dependencies": [
            "aws_cloudhsm_v2_cluster.cloudhsm_v2_cluster",
            "aws_key_pair.vault",
            "aws_subnet.cloudHSM_private_subnet_AZ_1",
            "aws_vpc.user_system_vpc",
            "tls_private_key.vault"
          ]
        }
      ]
    },
    {
      "mode": "managed",
      "type": "aws_instance",
      "name": "conductor",
      "provider": "provider[\"registry.terraform.io/hashicorp/aws\"]",
      "instances": [
        {
          "schema_version": 1,
          "attributes": {
            "ami": "ami-01e7ca2ef94a0ae86",
            "arn": "arn:aws:ec2:us-east-2:642605215670:instance/i-0d0cfcedacfda4636",
            "associate_public_ip_address": false,
            "availability_zone": "us-east-2a",
            "cpu_core_count": 1,
            "cpu_threads_per_core": 1,
            "credit_specification": [
              {
                "cpu_credits": "standard"
              }
            ],
            "disable_api_termination": false,
            "ebs_block_device": [],
            "ebs_optimized": false,
            "ephemeral_block_device": [],
            "get_password_data": false,
            "hibernation": false,
            "host_id": null,
            "iam_instance_profile": "",
            "id": "i-0d0cfcedacfda4636",
            "instance_initiated_shutdown_behavior": null,
            "instance_state": "running",
            "instance_type": "t2.micro",
            "ipv6_address_count": 0,
            "ipv6_addresses": [],
            "key_name": "vault-key",
            "metadata_options": [
              {
                "http_endpoint": "enabled",
                "http_put_response_hop_limit": 1,
                "http_tokens": "optional"
              }
            ],
            "monitoring": false,
            "network_interface": [],
            "network_interface_id": null,
            "outpost_arn": "",
            "password_data": "",
            "placement_group": "",
            "primary_network_interface_id": "eni-047c8f0860b7aedda",
            "private_dns": "ip-10-0-1-9.us-east-2.compute.internal",
            "private_ip": "10.0.1.9",
            "public_dns": "",
            "public_ip": "",
            "root_block_device": [
              {
                "delete_on_termination": true,
                "device_name": "/dev/sda1",
                "encrypted": false,
                "iops": 100,
                "kms_key_id": "",
                "volume_id": "vol-00d22fd5ef423f7e1",
                "volume_size": 8,
                "volume_type": "gp2"
              }
            ],
            "security_groups": [],
            "source_dest_check": true,
            "subnet_id": "subnet-038b86a30c2c4e651",
            "tags": {
              "Name": "Conductor"
            },
            "tenancy": "default",
            "timeouts": null,
            "user_data": null,
            "user_data_base64": null,
            "volume_tags": {},
            "vpc_security_group_ids": [
              "sg-06cafd374802d6dc8"
            ]
          },
          "sensitive_attributes": [],
          "private": "eyJlMmJmYjczMC1lY2FhLTExZTYtOGY4OC0zNDM2M2JjN2M0YzAiOnsiY3JlYXRlIjo2MDAwMDAwMDAwMDAsImRlbGV0ZSI6MTIwMDAwMDAwMDAwMCwidXBkYXRlIjo2MDAwMDAwMDAwMDB9LCJzY2hlbWFfdmVyc2lvbiI6IjEifQ==",
          "dependencies": [
            "aws_cloudhsm_v2_cluster.cloudhsm_v2_cluster",
            "aws_key_pair.vault",
            "aws_subnet.cloudHSM_private_subnet_AZ_1"
          ]
        }
      ]
    },
    {
      "mode": "managed",
      "type": "aws_instance",
      "name": "parse_correlate",
      "provider": "provider[\"registry.terraform.io/hashicorp/aws\"]",
      "instances": [
        {
          "schema_version": 1,
          "attributes": {
            "ami": "ami-01e7ca2ef94a0ae86",
            "arn": "arn:aws:ec2:us-east-2:642605215670:instance/i-0096d567f423d9447",
            "associate_public_ip_address": false,
            "availability_zone": "us-east-2a",
            "cpu_core_count": 1,
            "cpu_threads_per_core": 1,
            "credit_specification": [
              {
                "cpu_credits": "standard"
              }
            ],
            "disable_api_termination": false,
            "ebs_block_device": [],
            "ebs_optimized": false,
            "ephemeral_block_device": [],
            "get_password_data": false,
            "hibernation": false,
            "host_id": null,
            "iam_instance_profile": "",
            "id": "i-0096d567f423d9447",
            "instance_initiated_shutdown_behavior": null,
            "instance_state": "running",
            "instance_type": "t2.micro",
            "ipv6_address_count": 0,
            "ipv6_addresses": [],
            "key_name": "vault-key",
            "metadata_options": [
              {
                "http_endpoint": "enabled",
                "http_put_response_hop_limit": 1,
                "http_tokens": "optional"
              }
            ],
            "monitoring": false,
            "network_interface": [],
            "network_interface_id": null,
            "outpost_arn": "",
            "password_data": "",
            "placement_group": "",
            "primary_network_interface_id": "eni-03a1336993b567de5",
            "private_dns": "ip-10-0-1-6.us-east-2.compute.internal",
            "private_ip": "10.0.1.6",
            "public_dns": "",
            "public_ip": "",
            "root_block_device": [
              {
                "delete_on_termination": true,
                "device_name": "/dev/sda1",
                "encrypted": false,
                "iops": 100,
                "kms_key_id": "",
                "volume_id": "vol-0e8bd0558aa50ff67",
                "volume_size": 8,
                "volume_type": "gp2"
              }
            ],
            "security_groups": [],
            "source_dest_check": true,
            "subnet_id": "subnet-038b86a30c2c4e651",
            "tags": {
              "Name": "Parse \u0026 Correlate"
            },
            "tenancy": "default",
            "timeouts": null,
            "user_data": null,
            "user_data_base64": null,
            "volume_tags": {},
            "vpc_security_group_ids": [
              "sg-06cafd374802d6dc8"
            ]
          },
          "sensitive_attributes": [],
          "private": "eyJlMmJmYjczMC1lY2FhLTExZTYtOGY4OC0zNDM2M2JjN2M0YzAiOnsiY3JlYXRlIjo2MDAwMDAwMDAwMDAsImRlbGV0ZSI6MTIwMDAwMDAwMDAwMCwidXBkYXRlIjo2MDAwMDAwMDAwMDB9LCJzY2hlbWFfdmVyc2lvbiI6IjEifQ==",
          "dependencies": [
            "aws_cloudhsm_v2_cluster.cloudhsm_v2_cluster",
            "aws_key_pair.vault",
            "aws_subnet.cloudHSM_private_subnet_AZ_1"
          ]
        }
      ]
    },
    {
      "mode": "managed",
      "type": "aws_instance",
      "name": "utrn_gen",
      "provider": "provider[\"registry.terraform.io/hashicorp/aws\"]",
      "instances": [
        {
          "schema_version": 1,
          "attributes": {
            "ami": "ami-01e7ca2ef94a0ae86",
            "arn": "arn:aws:ec2:us-east-2:642605215670:instance/i-053b5a29f1507b22a",
            "associate_public_ip_address": false,
            "availability_zone": "us-east-2a",
            "cpu_core_count": 1,
            "cpu_threads_per_core": 1,
            "credit_specification": [
              {
                "cpu_credits": "standard"
              }
            ],
            "disable_api_termination": false,
            "ebs_block_device": [],
            "ebs_optimized": false,
            "ephemeral_block_device": [],
            "get_password_data": false,
            "hibernation": false,
            "host_id": null,
            "iam_instance_profile": "",
            "id": "i-053b5a29f1507b22a",
            "instance_initiated_shutdown_behavior": null,
            "instance_state": "running",
            "instance_type": "t2.micro",
            "ipv6_address_count": 0,
            "ipv6_addresses": [],
            "key_name": "vault-key",
            "metadata_options": [
              {
                "http_endpoint": "enabled",
                "http_put_response_hop_limit": 1,
                "http_tokens": "optional"
              }
            ],
            "monitoring": false,
            "network_interface": [],
            "network_interface_id": null,
            "outpost_arn": "",
            "password_data": "",
            "placement_group": "",
            "primary_network_interface_id": "eni-0b0e635e180f3b749",
            "private_dns": "ip-10-0-1-239.us-east-2.compute.internal",
            "private_ip": "10.0.1.239",
            "public_dns": "",
            "public_ip": "",
            "root_block_device": [
              {
                "delete_on_termination": true,
                "device_name": "/dev/sda1",
                "encrypted": false,
                "iops": 100,
                "kms_key_id": "",
                "volume_id": "vol-088d165019f1d96d0",
                "volume_size": 8,
                "volume_type": "gp2"
              }
            ],
            "security_groups": [],
            "source_dest_check": true,
            "subnet_id": "subnet-038b86a30c2c4e651",
            "tags": {
              "Name": "UTRN_Gen"
            },
            "tenancy": "default",
            "timeouts": null,
            "user_data": null,
            "user_data_base64": null,
            "volume_tags": {},
            "vpc_security_group_ids": [
              "sg-06cafd374802d6dc8"
            ]
          },
          "sensitive_attributes": [],
          "private": "eyJlMmJmYjczMC1lY2FhLTExZTYtOGY4OC0zNDM2M2JjN2M0YzAiOnsiY3JlYXRlIjo2MDAwMDAwMDAwMDAsImRlbGV0ZSI6MTIwMDAwMDAwMDAwMCwidXBkYXRlIjo2MDAwMDAwMDAwMDB9LCJzY2hlbWFfdmVyc2lvbiI6IjEifQ==",
          "dependencies": [
            "aws_cloudhsm_v2_cluster.cloudhsm_v2_cluster",
            "aws_key_pair.vault",
            "aws_subnet.cloudHSM_private_subnet_AZ_1",
            "aws_vpc.user_system_vpc",
            "tls_private_key.vault"
          ]
        }
      ]
    },
    {
      "mode": "managed",
      "type": "aws_key_pair",
      "name": "vault",
      "provider": "provider[\"registry.terraform.io/hashicorp/aws\"]",
      "instances": [
        {
          "schema_version": 1,
          "attributes": {
            "arn": "arn:aws:ec2:us-east-2:642605215670:key-pair/vault-key",
            "fingerprint": "9b:81:f6:89:20:98:7a:20:34:8a:d5:4a:11:f6:7e:fa",
            "id": "vault-key",
            "key_name": "vault-key",
            "key_name_prefix": null,
            "key_pair_id": "key-05c17ffb7ae33be11",
            "public_key": "ssh-rsa AAAAB3NzaC1yc2EAAAADAQABAAACAQC4miG3iH4elPd9ppbpg29P4jZa7n6hOTH3Jleyi21kHlXgXSzN2dfxAvJQi1Q6n7yUrvAOyEvxNmJoScaWOS9vhq+ppLWtUWh3OZ8gIwlGO14PFHesdApbEZ+r/i6o4z594FXEVLGTMG2ajAkJw/sDmZOU/wp/p/BjWatA4e4vsNoQBvidPiZMtuIHbp47DIdx7uGZm9Obzq56F7xMKlgjED2dFb+5y5uz3XsDtupZ1V9bDkh+jNUXJ1p8CP5OxkCkdZ7dDrMad87iIduex3LiM1tOcl6stz/TLIHvjuXu48rCaF8tKklFA5NJwc4vjHrQeYFoHGD0/OJLJfJTmivaSFuWJ4HpqJI3fGY+Z1P0bRDDBJgJRfiE2tuVMhQ3ffIIqxUD0IBinoBHO8aR7EL+aKT21j0VYbmPrRkv1txyQoC0/6Y/yAjPYt9jT8paT4foH20H+fMMXdXdHDFxVPBTCh2j7gaRLTKOhz5kOUuQGz0fyhzWVXMCHZIWD287gE8t6nNaBPieDLG9robPF5CZ6qCg133MR7ajqVonv/B3R0jfZ/u7x8iQFhnN1bDlestd3Qxb7mT6IBHUeM5/wlKo6jtMw7HyuIJ58OLkgIb61hUScPdmCneBanLY76tfZycr/u7F5Cp4JKUEY4FD+OTXCdIT7LZbD1AumNxc5Rw3CQ==",
            "tags": {}
          },
          "sensitive_attributes": [],
          "private": "eyJzY2hlbWFfdmVyc2lvbiI6IjEifQ==",
          "dependencies": [
            "tls_private_key.vault"
          ]
        }
      ]
    },
    {
      "mode": "managed",
      "type": "aws_subnet",
      "name": "cloudHSM_private_subnet_AZ_1",
      "provider": "provider[\"registry.terraform.io/hashicorp/aws\"]",
      "instances": [
        {
          "schema_version": 1,
          "attributes": {
            "arn": "arn:aws:ec2:us-east-2:642605215670:subnet/subnet-038b86a30c2c4e651",
            "assign_ipv6_address_on_creation": false,
            "availability_zone": "us-east-2a",
            "availability_zone_id": "use2-az1",
            "cidr_block": "10.0.1.0/24",
            "id": "subnet-038b86a30c2c4e651",
            "ipv6_cidr_block": "",
            "ipv6_cidr_block_association_id": "",
            "map_public_ip_on_launch": false,
            "outpost_arn": "",
            "owner_id": "642605215670",
            "tags": {
              "Name": "user_system_vpc"
            },
            "timeouts": null,
            "vpc_id": "vpc-013dda145a8acdf88"
          },
          "sensitive_attributes": [],
          "private": "eyJlMmJmYjczMC1lY2FhLTExZTYtOGY4OC0zNDM2M2JjN2M0YzAiOnsiY3JlYXRlIjo2MDAwMDAwMDAwMDAsImRlbGV0ZSI6MTIwMDAwMDAwMDAwMH0sInNjaGVtYV92ZXJzaW9uIjoiMSJ9",
          "dependencies": [
            "aws_vpc.user_system_vpc"
          ]
        }
      ]
    },
    {
      "mode": "managed",
      "type": "aws_subnet",
      "name": "cloudHSM_private_subnet_AZ_2",
      "provider": "provider[\"registry.terraform.io/hashicorp/aws\"]",
      "instances": [
        {
          "schema_version": 1,
          "attributes": {
            "arn": "arn:aws:ec2:us-east-2:642605215670:subnet/subnet-07f6f772ed1649fd4",
            "assign_ipv6_address_on_creation": false,
            "availability_zone": "us-east-2a",
            "availability_zone_id": "use2-az1",
            "cidr_block": "10.0.2.0/24",
            "id": "subnet-07f6f772ed1649fd4",
            "ipv6_cidr_block": "",
            "ipv6_cidr_block_association_id": "",
            "map_public_ip_on_launch": false,
            "outpost_arn": "",
            "owner_id": "642605215670",
            "tags": {
              "Name": "user_system_vpc"
            },
            "timeouts": null,
            "vpc_id": "vpc-013dda145a8acdf88"
          },
          "sensitive_attributes": [],
          "private": "eyJlMmJmYjczMC1lY2FhLTExZTYtOGY4OC0zNDM2M2JjN2M0YzAiOnsiY3JlYXRlIjo2MDAwMDAwMDAwMDAsImRlbGV0ZSI6MTIwMDAwMDAwMDAwMH0sInNjaGVtYV92ZXJzaW9uIjoiMSJ9",
          "dependencies": [
            "aws_vpc.user_system_vpc"
          ]
        }
      ]
    },
    {
      "mode": "managed",
      "type": "aws_subnet",
      "name": "cloudHSM_private_subnet_AZ_3",
      "provider": "provider[\"registry.terraform.io/hashicorp/aws\"]",
      "instances": [
        {
          "schema_version": 1,
          "attributes": {
            "arn": "arn:aws:ec2:us-east-2:642605215670:subnet/subnet-0201ff91d54f213a4",
            "assign_ipv6_address_on_creation": false,
            "availability_zone": "us-east-2b",
            "availability_zone_id": "use2-az2",
            "cidr_block": "10.0.3.0/24",
            "id": "subnet-0201ff91d54f213a4",
            "ipv6_cidr_block": "",
            "ipv6_cidr_block_association_id": "",
            "map_public_ip_on_launch": false,
            "outpost_arn": "",
            "owner_id": "642605215670",
            "tags": {
              "Name": "user_system_vpc"
            },
            "timeouts": null,
            "vpc_id": "vpc-013dda145a8acdf88"
          },
          "sensitive_attributes": [],
          "private": "eyJlMmJmYjczMC1lY2FhLTExZTYtOGY4OC0zNDM2M2JjN2M0YzAiOnsiY3JlYXRlIjo2MDAwMDAwMDAwMDAsImRlbGV0ZSI6MTIwMDAwMDAwMDAwMH0sInNjaGVtYV92ZXJzaW9uIjoiMSJ9",
          "dependencies": [
            "aws_vpc.user_system_vpc"
          ]
        }
      ]
    },
    {
      "mode": "managed",
      "type": "aws_vpc",
      "name": "user_system_vpc",
      "provider": "provider[\"registry.terraform.io/hashicorp/aws\"]",
      "instances": [
        {
          "schema_version": 1,
          "attributes": {
            "arn": "arn:aws:ec2:us-east-2:642605215670:vpc/vpc-013dda145a8acdf88",
            "assign_generated_ipv6_cidr_block": false,
            "cidr_block": "10.0.0.0/16",
            "default_network_acl_id": "acl-002a36eaee8e416bb",
            "default_route_table_id": "rtb-0ee7fd75664bb5b57",
            "default_security_group_id": "sg-0efad118d517c1992",
            "dhcp_options_id": "dopt-48c37623",
            "enable_classiclink": null,
            "enable_classiclink_dns_support": null,
            "enable_dns_hostnames": false,
            "enable_dns_support": true,
            "id": "vpc-013dda145a8acdf88",
            "instance_tenancy": "default",
            "ipv6_association_id": "",
            "ipv6_cidr_block": "",
            "main_route_table_id": "rtb-0ee7fd75664bb5b57",
            "owner_id": "642605215670",
            "tags": {}
          },
          "sensitive_attributes": [],
          "private": "eyJzY2hlbWFfdmVyc2lvbiI6IjEifQ=="
        }
      ]
    },
    {
      "mode": "managed",
      "type": "local_file",
      "name": "private_key",
      "provider": "provider[\"registry.terraform.io/hashicorp/local\"]",
      "instances": [
        {
          "schema_version": 0,
          "attributes": {
            "content": "-----BEGIN RSA PRIVATE KEY-----\nMIIJKAIBAAKCAgEAuJoht4h+HpT3faaW6YNvT+I2Wu5+oTkx9yZXsottZB5V4F0s\nzdnX8QLyUItUOp+8lK7wDshL8TZiaEnGljkvb4avqaS1rVFodzmfICMJRjteDxR3\nrHQKWxGfq/4uqOM+feBVxFSxkzBtmowJCcP7A5mTlP8Kf6fwY1mrQOHuL7DaEAb4\nnT4mTLbiB26eOwyHce7hmZvTm86uehe8TCpYIxA9nRW/ucubs917A7bqWdVfWw5I\nfozVFydafAj+TsZApHWe3Q6zGnfO4iHbnsdy4jNbTnJerLc/0yyB747l7uPKwmhf\nLSpJRQOTScHOL4x60HmBaBxg9PziSyXyU5or2khblieB6aiSN3xmPmdT9G0QwwSY\nCUX4hNrblTIUN33yCKsVA9CAYp6ARzvGkexC/mik9tY9FWG5j60ZL9bcckKAtP+m\nP8gIz2LfY0/KWk+H6B9tB/nzDF3V3RwxcVTwUwodo+4GkS0yjoc+ZDlLkBs9H8oc\n1lVzAh2SFg9vO4BPLepzWgT4ngyxva6GzxeQmeqgoNd9zEe2o6laJ7/wd0dI32f7\nu8fIkBYZzdWw5XrLXd0MW+5k+iAR1HjOf8JSqOo7TMOx8riCefDi5ICG+tYVEnD3\nZgp3gWpy2O+rX2cnK/7uxeQqeCSlBGOBQ/jk1wnSE+y2Ww9QLpjcXOUcNwkCAwEA\nAQKCAgB/Qin6NwsSlAklQsGISwZiYISuHPmItUAfq/wK5plLyqnS2Qi5A/Mcf7aC\nFfrDyziamxp8ZlIMADzIvgs7pkJwNL5GSXjA+Xz1q/BpnB2Zn/WQmcCCTyCQdU7I\np5qM7NM4vX0CsowT9u+n+d+FLuiNK8MUlNks9Z3/L2KigN3NXLKHF/ctlxmaCv04\nuGY2OMXqog498bFoGIwpONGjBBHsYhbHgqXANH+q+AUEo4Vc1n487FTHgNipdISp\nOx3tOjh352nT5H1NwsgJFeQryj0FePf51Vg04sMKFgWhGrah/8DYUlFCdoM6I2PX\nFdbI6qQDsa+nEOE6IlbyDT/HqGGPlEzSTg6sIjZC/6XucovFdHcqgmhdc5iV2I0T\nbCGYJyPR0T6t8JNz5sy9WILF44Bte41mOIePSPLLQ7xI3/M+qq018eL3x1LrgNIY\nmZQim1/q3rOBYzpUlVtz3cOOzKC6Q5Wf9Eld0+5c40vEKrjdojIfNEs5z6/XPz1i\n58l0vgrzMLlppt34sozl2QebJ632FZ2gbYN4U4Lc0nc5MyQyuTQRKP5vHn0wd14C\n1jGy7vjqvcTAZ3EMOCBWVg/4pA+MAw4NuHsjLzbN27y9FDRzgk6Wn4q1VnsQLniw\nualo6OxEi5CTo8dvIT/qqaFNiJ6zy3bOGJ/VKTN7otzZqrSLgQKCAQEAwXsofkk8\nhwLAAtz/ZSEGnwKhZZFpALSp3MWaaJs0A30rW9v0FkMG8I6uGbv8tJR6gnYSn2LA\n+xRJJ7CtrfFLsM6ZxFZ9sbB3OQeKe0co6Lu2EFnG+nc7TkxiYtzFX6m7+FlZDhyV\nD1E6O+wWLQzU8tsse6vtt+L+PukOvq/Cyl1kxBmEOCdgBD4bKYL3d318uXI3yyxp\n1GRk5cp8H7+ylZcmZbYE3+T7xIaK/bv0uuX2t5mgbTAazJHDtIvF2jW3FJoeQgUD\njxPUQm0eZ0ZpRes/x1fnJwD0zZ7GLzyLMicAgn8olV3AgFXC2sBT/gC+HPP0XS8g\nPw04DXakINwEGQKCAQEA9EB/da+iceyL77scBZeDJVd/1odK6yckPCfOXghwSPvX\nxHT0Jd6ozX76erxstn+b+b/vLdbEQHcdvjouvQ8VSYYtZEv4IZsYT5JtGQDNteiC\nR5EL3bsWklJjztlhTYsLv8UIHrIBnfeJZrQJEwKuyapRmnskOGXEZokmHG2xF/8p\npNfUePl50kW5THk+CYqxPT2s3LidctgfQ0fM4pkNdvsPaLX8pFsN+knAGk0RhRvL\nuz8lH9bOpizAI0zzMXxNobEFN+84mIJ9htODZn4uMZjcb7Gt/efZjwDUpA4Z4l4G\nTe/u+B8BLQQDVlWtnEuuee2T8e4zKewX2uNHhX6ocQKCAQBOo40Qzxl/0nlScJqJ\ncwPq6znIO3LPK58CsXoR3Esmw+A0pNCvn6yZZ5SRtxt+Ff85OV5WU+AV7OfS7veY\nhEN8aGyNJY5PA2dh0ZPSiViyR2E3ghXixUVgjKFMh2jdefKBfWc52honsJ8XrdxR\nkS6YSsbouTeUjvlBfp5UmMF2WMFVBv37iN14u/l0RNvqQCHKigbtWG7nOarczxDm\nIpcmP9oGaxXOHpbKCNlDSfqtYDyH4TQYTP4HeZNutYTELSLth7qWoM0SgT+7g/hg\nh3jQR06T6kF0U+osDMWGe3gj+UA2yhInq4RLZRAesx8wVQLwZ6NBoJ7dobTPnBIX\nnPU5AoIBAC1rjQg6d+/NeBxFZCmaCjY4djpTgFgIOFHDaTnNQewggPg0c25TYHqO\nQU/vmBu70Sp5SaXxiR8fx3UnZqeblW7Nt8Ut51+Act3hMc5zes14Bjn+vAEomELv\ndUXy4IhF8hJgNmlW2rwgWvmxQvq5Bf3UYUZj3dFrA0G6AU9KCqOWvIy94fH5GnFC\nq/mPljy6AMmNnYaSAh1oGTAuuufsZDea6jujk+6QTCId8s4xRK/HAnS4glPQYy89\npSErXxH1to352CmVn6WkpmkbDhVSI47viRZwKRXNNoTEN8amJKQWrf9yPbMAOPzB\nAUndtuIYpMJhrqBPlk4WbD01BIjLi9ECggEBAJsHtaOmnmzwhtDjn7283AhcKIKr\nMqjX49QyCFofeQxtxxgK6AkB+GKWyRyH6HS6J4kHFTbHzsc/5sZNwBnndo+LS95E\nRJ0xuzzAbcpmuolYK289jH5GJt+YxM7rsr4qVltR4W/aFIzapIpJEDgzBbwfvjp8\n3n9D4nScrJpi5fGPjZFytt1Ki4lR1kMeK5AOg/JQM8gh5mj5sZSymJE8FCtfxY16\nsKrLDaqXXbzG0LPTt1nFu1AQwfvhTQL1t+oObWWTxm8nwGy64w0lo5l2YUbMjc2+\nzXe2izjYXyieOeWDHdMPtBWpMLcUuNTJofNFZDNHqeisXHH7ZSJErCVoPbE=\n-----END RSA PRIVATE KEY-----\n",
            "content_base64": null,
            "directory_permission": "0777",
            "file_permission": "0777",
            "filename": "vault-key.pem",
            "id": "4e51d657b7fc41c7cd477b5bff22a4aa2b525420",
            "sensitive_content": null,
            "source": null
          },
          "sensitive_attributes": [],
          "private": "bnVsbA==",
          "dependencies": [
            "tls_private_key.vault"
          ]
        }
      ]
    },
    {
      "mode": "managed",
      "type": "tls_private_key",
      "name": "vault",
      "provider": "provider[\"registry.terraform.io/hashicorp/tls\"]",
      "instances": [
        {
          "schema_version": 0,
          "attributes": {
            "algorithm": "RSA",
            "ecdsa_curve": "P224",
            "id": "970f74dd467752fef9566ef232e90fa54989f7bc",
            "private_key_pem": "-----BEGIN RSA PRIVATE KEY-----\nMIIJKAIBAAKCAgEAuJoht4h+HpT3faaW6YNvT+I2Wu5+oTkx9yZXsottZB5V4F0s\nzdnX8QLyUItUOp+8lK7wDshL8TZiaEnGljkvb4avqaS1rVFodzmfICMJRjteDxR3\nrHQKWxGfq/4uqOM+feBVxFSxkzBtmowJCcP7A5mTlP8Kf6fwY1mrQOHuL7DaEAb4\nnT4mTLbiB26eOwyHce7hmZvTm86uehe8TCpYIxA9nRW/ucubs917A7bqWdVfWw5I\nfozVFydafAj+TsZApHWe3Q6zGnfO4iHbnsdy4jNbTnJerLc/0yyB747l7uPKwmhf\nLSpJRQOTScHOL4x60HmBaBxg9PziSyXyU5or2khblieB6aiSN3xmPmdT9G0QwwSY\nCUX4hNrblTIUN33yCKsVA9CAYp6ARzvGkexC/mik9tY9FWG5j60ZL9bcckKAtP+m\nP8gIz2LfY0/KWk+H6B9tB/nzDF3V3RwxcVTwUwodo+4GkS0yjoc+ZDlLkBs9H8oc\n1lVzAh2SFg9vO4BPLepzWgT4ngyxva6GzxeQmeqgoNd9zEe2o6laJ7/wd0dI32f7\nu8fIkBYZzdWw5XrLXd0MW+5k+iAR1HjOf8JSqOo7TMOx8riCefDi5ICG+tYVEnD3\nZgp3gWpy2O+rX2cnK/7uxeQqeCSlBGOBQ/jk1wnSE+y2Ww9QLpjcXOUcNwkCAwEA\nAQKCAgB/Qin6NwsSlAklQsGISwZiYISuHPmItUAfq/wK5plLyqnS2Qi5A/Mcf7aC\nFfrDyziamxp8ZlIMADzIvgs7pkJwNL5GSXjA+Xz1q/BpnB2Zn/WQmcCCTyCQdU7I\np5qM7NM4vX0CsowT9u+n+d+FLuiNK8MUlNks9Z3/L2KigN3NXLKHF/ctlxmaCv04\nuGY2OMXqog498bFoGIwpONGjBBHsYhbHgqXANH+q+AUEo4Vc1n487FTHgNipdISp\nOx3tOjh352nT5H1NwsgJFeQryj0FePf51Vg04sMKFgWhGrah/8DYUlFCdoM6I2PX\nFdbI6qQDsa+nEOE6IlbyDT/HqGGPlEzSTg6sIjZC/6XucovFdHcqgmhdc5iV2I0T\nbCGYJyPR0T6t8JNz5sy9WILF44Bte41mOIePSPLLQ7xI3/M+qq018eL3x1LrgNIY\nmZQim1/q3rOBYzpUlVtz3cOOzKC6Q5Wf9Eld0+5c40vEKrjdojIfNEs5z6/XPz1i\n58l0vgrzMLlppt34sozl2QebJ632FZ2gbYN4U4Lc0nc5MyQyuTQRKP5vHn0wd14C\n1jGy7vjqvcTAZ3EMOCBWVg/4pA+MAw4NuHsjLzbN27y9FDRzgk6Wn4q1VnsQLniw\nualo6OxEi5CTo8dvIT/qqaFNiJ6zy3bOGJ/VKTN7otzZqrSLgQKCAQEAwXsofkk8\nhwLAAtz/ZSEGnwKhZZFpALSp3MWaaJs0A30rW9v0FkMG8I6uGbv8tJR6gnYSn2LA\n+xRJJ7CtrfFLsM6ZxFZ9sbB3OQeKe0co6Lu2EFnG+nc7TkxiYtzFX6m7+FlZDhyV\nD1E6O+wWLQzU8tsse6vtt+L+PukOvq/Cyl1kxBmEOCdgBD4bKYL3d318uXI3yyxp\n1GRk5cp8H7+ylZcmZbYE3+T7xIaK/bv0uuX2t5mgbTAazJHDtIvF2jW3FJoeQgUD\njxPUQm0eZ0ZpRes/x1fnJwD0zZ7GLzyLMicAgn8olV3AgFXC2sBT/gC+HPP0XS8g\nPw04DXakINwEGQKCAQEA9EB/da+iceyL77scBZeDJVd/1odK6yckPCfOXghwSPvX\nxHT0Jd6ozX76erxstn+b+b/vLdbEQHcdvjouvQ8VSYYtZEv4IZsYT5JtGQDNteiC\nR5EL3bsWklJjztlhTYsLv8UIHrIBnfeJZrQJEwKuyapRmnskOGXEZokmHG2xF/8p\npNfUePl50kW5THk+CYqxPT2s3LidctgfQ0fM4pkNdvsPaLX8pFsN+knAGk0RhRvL\nuz8lH9bOpizAI0zzMXxNobEFN+84mIJ9htODZn4uMZjcb7Gt/efZjwDUpA4Z4l4G\nTe/u+B8BLQQDVlWtnEuuee2T8e4zKewX2uNHhX6ocQKCAQBOo40Qzxl/0nlScJqJ\ncwPq6znIO3LPK58CsXoR3Esmw+A0pNCvn6yZZ5SRtxt+Ff85OV5WU+AV7OfS7veY\nhEN8aGyNJY5PA2dh0ZPSiViyR2E3ghXixUVgjKFMh2jdefKBfWc52honsJ8XrdxR\nkS6YSsbouTeUjvlBfp5UmMF2WMFVBv37iN14u/l0RNvqQCHKigbtWG7nOarczxDm\nIpcmP9oGaxXOHpbKCNlDSfqtYDyH4TQYTP4HeZNutYTELSLth7qWoM0SgT+7g/hg\nh3jQR06T6kF0U+osDMWGe3gj+UA2yhInq4RLZRAesx8wVQLwZ6NBoJ7dobTPnBIX\nnPU5AoIBAC1rjQg6d+/NeBxFZCmaCjY4djpTgFgIOFHDaTnNQewggPg0c25TYHqO\nQU/vmBu70Sp5SaXxiR8fx3UnZqeblW7Nt8Ut51+Act3hMc5zes14Bjn+vAEomELv\ndUXy4IhF8hJgNmlW2rwgWvmxQvq5Bf3UYUZj3dFrA0G6AU9KCqOWvIy94fH5GnFC\nq/mPljy6AMmNnYaSAh1oGTAuuufsZDea6jujk+6QTCId8s4xRK/HAnS4glPQYy89\npSErXxH1to352CmVn6WkpmkbDhVSI47viRZwKRXNNoTEN8amJKQWrf9yPbMAOPzB\nAUndtuIYpMJhrqBPlk4WbD01BIjLi9ECggEBAJsHtaOmnmzwhtDjn7283AhcKIKr\nMqjX49QyCFofeQxtxxgK6AkB+GKWyRyH6HS6J4kHFTbHzsc/5sZNwBnndo+LS95E\nRJ0xuzzAbcpmuolYK289jH5GJt+YxM7rsr4qVltR4W/aFIzapIpJEDgzBbwfvjp8\n3n9D4nScrJpi5fGPjZFytt1Ki4lR1kMeK5AOg/JQM8gh5mj5sZSymJE8FCtfxY16\nsKrLDaqXXbzG0LPTt1nFu1AQwfvhTQL1t+oObWWTxm8nwGy64w0lo5l2YUbMjc2+\nzXe2izjYXyieOeWDHdMPtBWpMLcUuNTJofNFZDNHqeisXHH7ZSJErCVoPbE=\n-----END RSA PRIVATE KEY-----\n",
            "public_key_fingerprint_md5": "47:95:1a:a0:af:ca:7a:c4:6b:ca:a8:0c:aa:45:72:17",
            "public_key_openssh": "ssh-rsa AAAAB3NzaC1yc2EAAAADAQABAAACAQC4miG3iH4elPd9ppbpg29P4jZa7n6hOTH3Jleyi21kHlXgXSzN2dfxAvJQi1Q6n7yUrvAOyEvxNmJoScaWOS9vhq+ppLWtUWh3OZ8gIwlGO14PFHesdApbEZ+r/i6o4z594FXEVLGTMG2ajAkJw/sDmZOU/wp/p/BjWatA4e4vsNoQBvidPiZMtuIHbp47DIdx7uGZm9Obzq56F7xMKlgjED2dFb+5y5uz3XsDtupZ1V9bDkh+jNUXJ1p8CP5OxkCkdZ7dDrMad87iIduex3LiM1tOcl6stz/TLIHvjuXu48rCaF8tKklFA5NJwc4vjHrQeYFoHGD0/OJLJfJTmivaSFuWJ4HpqJI3fGY+Z1P0bRDDBJgJRfiE2tuVMhQ3ffIIqxUD0IBinoBHO8aR7EL+aKT21j0VYbmPrRkv1txyQoC0/6Y/yAjPYt9jT8paT4foH20H+fMMXdXdHDFxVPBTCh2j7gaRLTKOhz5kOUuQGz0fyhzWVXMCHZIWD287gE8t6nNaBPieDLG9robPF5CZ6qCg133MR7ajqVonv/B3R0jfZ/u7x8iQFhnN1bDlestd3Qxb7mT6IBHUeM5/wlKo6jtMw7HyuIJ58OLkgIb61hUScPdmCneBanLY76tfZycr/u7F5Cp4JKUEY4FD+OTXCdIT7LZbD1AumNxc5Rw3CQ==\n",
            "public_key_pem": "-----BEGIN PUBLIC KEY-----\nMIICIjANBgkqhkiG9w0BAQEFAAOCAg8AMIICCgKCAgEAuJoht4h+HpT3faaW6YNv\nT+I2Wu5+oTkx9yZXsottZB5V4F0szdnX8QLyUItUOp+8lK7wDshL8TZiaEnGljkv\nb4avqaS1rVFodzmfICMJRjteDxR3rHQKWxGfq/4uqOM+feBVxFSxkzBtmowJCcP7\nA5mTlP8Kf6fwY1mrQOHuL7DaEAb4nT4mTLbiB26eOwyHce7hmZvTm86uehe8TCpY\nIxA9nRW/ucubs917A7bqWdVfWw5IfozVFydafAj+TsZApHWe3Q6zGnfO4iHbnsdy\n4jNbTnJerLc/0yyB747l7uPKwmhfLSpJRQOTScHOL4x60HmBaBxg9PziSyXyU5or\n2khblieB6aiSN3xmPmdT9G0QwwSYCUX4hNrblTIUN33yCKsVA9CAYp6ARzvGkexC\n/mik9tY9FWG5j60ZL9bcckKAtP+mP8gIz2LfY0/KWk+H6B9tB/nzDF3V3RwxcVTw\nUwodo+4GkS0yjoc+ZDlLkBs9H8oc1lVzAh2SFg9vO4BPLepzWgT4ngyxva6GzxeQ\nmeqgoNd9zEe2o6laJ7/wd0dI32f7u8fIkBYZzdWw5XrLXd0MW+5k+iAR1HjOf8JS\nqOo7TMOx8riCefDi5ICG+tYVEnD3Zgp3gWpy2O+rX2cnK/7uxeQqeCSlBGOBQ/jk\n1wnSE+y2Ww9QLpjcXOUcNwkCAwEAAQ==\n-----END PUBLIC KEY-----\n",
            "rsa_bits": 4096
          },
          "sensitive_attributes": [],
          "private": "bnVsbA=="
        }
      ]
    }
  ]
}
